
Microsoft Visual Studio Solution File, Format Version 12.00
# Visual Studio Version 16
VisualStudioVersion = 16.0.31515.178
MinimumVisualStudioVersion = 10.0.40219.1
Project("{2150E333-8FDC-42A3-9474-1A3956D46DE8}") = "ShopManagement", "ShopManagement", "{9F446B88-AC55-4B24-8B0F-FFACCDC0CDFB}"
EndProject
Project("{2150E333-8FDC-42A3-9474-1A3956D46DE8}") = "SM.Domain", "SM.Domain", "{0A5DE0A5-6876-4C0B-8150-B5EB77C87D4F}"
EndProject
Project("{9A19103F-16F7-4668-BE54-9A1E7A4F7556}") = "ShopManagement.Domain", "ShopManagement.Domain\ShopManagement.Domain.csproj", "{65727B3B-0828-447E-BB75-26078E4EA3B7}"
EndProject
Project("{9A19103F-16F7-4668-BE54-9A1E7A4F7556}") = "0_Framework", "0_Framework\0_Framework.csproj", "{A94F9C2D-ADE5-4111-BA03-608CE3B7B968}"
EndProject
Project("{2150E333-8FDC-42A3-9474-1A3956D46DE8}") = "SM.Application", "SM.Application", "{9E0F3C94-7C6F-41AF-B296-E157BB48B372}"
EndProject
Project("{9A19103F-16F7-4668-BE54-9A1E7A4F7556}") = "ShopManagement.Application.Contracts", "ShopManagement.Application.Contracts\ShopManagement.Application.Contracts.csproj", "{2F32F335-687B-4F0C-A092-87CCB36705F8}"
EndProject
Project("{9A19103F-16F7-4668-BE54-9A1E7A4F7556}") = "ShopManagement.Application", "ShopManagement.Application\ShopManagement.Application.csproj", "{EB094DF8-92F2-47D5-A6CB-B94DF3714426}"
EndProject
Project("{2150E333-8FDC-42A3-9474-1A3956D46DE8}") = "SM.Infrastructure", "SM.Infrastructure", "{04C01B60-E3D0-44E3-ABF5-B0DD47FF7F09}"
EndProject
Project("{9A19103F-16F7-4668-BE54-9A1E7A4F7556}") = "ShopManagement.Infrastructure.EFCore", "ShopManagement.Infrastructure.EFCore\ShopManagement.Infrastructure.EFCore.csproj", "{4A56D861-F486-4EA0-BB4B-2E6CA7CC1014}"
EndProject
Project("{9A19103F-16F7-4668-BE54-9A1E7A4F7556}") = "ShopManagement.Configuration", "ShopManagement.Configuration\ShopManagement.Configuration.csproj", "{58DBB98C-21D3-4FDA-8752-2B216D83552C}"
EndProject
Project("{9A19103F-16F7-4668-BE54-9A1E7A4F7556}") = "ServiceHost", "ServiceHost\ServiceHost.csproj", "{FA4B5826-193B-4D00-B0BD-EEEA3E814D6A}"
EndProject
Project("{9A19103F-16F7-4668-BE54-9A1E7A4F7556}") = "01_LampshadeQuery", "01_LampshadeQuery\01_LampshadeQuery.csproj", "{A6AF1764-1E89-4293-8C94-89A8FFD71819}"
EndProject
Project("{2150E333-8FDC-42A3-9474-1A3956D46DE8}") = "DiscountManagement", "DiscountManagement", "{A7EB5B3D-35AF-4A61-B097-08AE8A2D9979}"
EndProject
Project("{2150E333-8FDC-42A3-9474-1A3956D46DE8}") = "DM.Domain", "DM.Domain", "{72AE6FA9-A45E-432E-9731-D1322B286C13}"
EndProject
Project("{9A19103F-16F7-4668-BE54-9A1E7A4F7556}") = "DiscountManagement.Domain", "DiscountManagement.Domain\DiscountManagement.Domain.csproj", "{DF1A4E9A-ADCA-4BF9-9B5D-5722553A3E81}"
EndProject
Project("{2150E333-8FDC-42A3-9474-1A3956D46DE8}") = "DM.Application", "DM.Application", "{DA7F493C-C13D-4643-A72F-B4B3F1F276ED}"
EndProject
Project("{9A19103F-16F7-4668-BE54-9A1E7A4F7556}") = "DiscountManagement.Application.Contracts", "DiscountManagement.Application.Contracts\DiscountManagement.Application.Contracts.csproj", "{ED638D34-1D0E-4249-B353-A4AC0FE387E0}"
EndProject
Project("{9A19103F-16F7-4668-BE54-9A1E7A4F7556}") = "DiscountManagement.Application", "DiscountManagement.Application\DiscountManagement.Application.csproj", "{7CEC926E-EFD1-4B6F-ACDD-AE018261A481}"
EndProject
Project("{2150E333-8FDC-42A3-9474-1A3956D46DE8}") = "DM.Infrastructure", "DM.Infrastructure", "{E732845C-53B3-4CA6-9390-1BEBBE982CA7}"
EndProject
Project("{9A19103F-16F7-4668-BE54-9A1E7A4F7556}") = "DiscountManagement.Infrastructure.EFCore", "DiscountManagement.Infrastructure.EFCore\DiscountManagement.Infrastructure.EFCore.csproj", "{25D4034B-B8FD-45FC-8C5D-8C2623781BC2}"
EndProject
Project("{9A19103F-16F7-4668-BE54-9A1E7A4F7556}") = "DiscountManagement.Configuration", "DiscountManagement.Configuration\DiscountManagement.Configuration.csproj", "{9563E7FB-F047-4EF7-BF7F-CD59D9B4EC6C}"
EndProject
Project("{2150E333-8FDC-42A3-9474-1A3956D46DE8}") = "InventoryManagement", "InventoryManagement", "{A547A3A3-E974-4E9E-BD7C-5F5499C9390F}"
EndProject
Project("{2150E333-8FDC-42A3-9474-1A3956D46DE8}") = "IM.Domain", "IM.Domain", "{47DC900F-9524-479D-A16F-2A1FEBAF8FF5}"
EndProject
Project("{9A19103F-16F7-4668-BE54-9A1E7A4F7556}") = "InventoryManagement.Domain", "InventoryManagement.Domain\InventoryManagement.Domain.csproj", "{E25F6C80-11B8-47DF-B2F3-DAEB77D8E2F9}"
EndProject
Project("{2150E333-8FDC-42A3-9474-1A3956D46DE8}") = "IM.Application", "IM.Application", "{F2520281-8D00-4CCE-8B27-C6299EC37D61}"
EndProject
Project("{9A19103F-16F7-4668-BE54-9A1E7A4F7556}") = "InventoryManagement.Application.Contracts", "InventoryManagement.Application.Contracts\InventoryManagement.Application.Contracts.csproj", "{74CAFCC0-E2DF-4100-B429-AB8775798E2A}"
EndProject
Project("{2150E333-8FDC-42A3-9474-1A3956D46DE8}") = "IM.Infrastructure", "IM.Infrastructure", "{1BD09C54-9464-482F-B2F0-60FB31557F18}"
EndProject
Project("{9A19103F-16F7-4668-BE54-9A1E7A4F7556}") = "InventoryManagement.Infrastructure.EFCore", "InventoryManagement.Infrastructure.EFCore\InventoryManagement.Infrastructure.EFCore.csproj", "{E3CB562D-A6D3-4D89-B117-E8616B00997E}"
EndProject
Project("{9A19103F-16F7-4668-BE54-9A1E7A4F7556}") = "InventoryManagement.Infrastructure.Configuration", "InventoryManagement.Infrastructure.Configuration\InventoryManagement.Infrastructure.Configuration.csproj", "{3D4A7A6C-3A1A-4198-85F0-F0C41B5055E8}"
EndProject
Project("{9A19103F-16F7-4668-BE54-9A1E7A4F7556}") = "InventoryManagement.Application", "InventoryManagement.Application\InventoryManagement.Application.csproj", "{C9814BB5-54AE-40E9-88F7-64935C3A28C3}"
EndProject
Project("{2150E333-8FDC-42A3-9474-1A3956D46DE8}") = "BlogManagement", "BlogManagement", "{7E0A4115-0FB3-40DE-AE21-EFB0967E8687}"
EndProject
Project("{2150E333-8FDC-42A3-9474-1A3956D46DE8}") = "BM.Domain", "BM.Domain", "{9D69497B-04F8-46FB-B1F3-5265B2889412}"
EndProject
Project("{9A19103F-16F7-4668-BE54-9A1E7A4F7556}") = "BlogManagement.Domain", "BlogManagement.Domain\BlogManagement.Domain.csproj", "{F20A3360-25F5-4C95-8A51-E4DE8A32B3EF}"
EndProject
Project("{2150E333-8FDC-42A3-9474-1A3956D46DE8}") = "BM.Application", "BM.Application", "{C25BF413-5D67-40F9-8D5F-97B8D7130BCB}"
EndProject
Project("{9A19103F-16F7-4668-BE54-9A1E7A4F7556}") = "BlogManagement.Application.Contracts", "BlogManagement.Application.Contracts\BlogManagement.Application.Contracts.csproj", "{8E215E56-E5AB-4D27-A959-1A4BD671FD05}"
EndProject
Project("{9A19103F-16F7-4668-BE54-9A1E7A4F7556}") = "BlogManagement.Application", "BlogManagement.Application\BlogManagement.Application.csproj", "{5FEB4E7E-4E77-4FC5-BC4F-80B680A0CD70}"
EndProject
Project("{2150E333-8FDC-42A3-9474-1A3956D46DE8}") = "BM.Infrastructure", "BM.Infrastructure", "{48894293-BF9E-48FC-9A11-7F9B5538E371}"
EndProject
Project("{9A19103F-16F7-4668-BE54-9A1E7A4F7556}") = "BlogManagement.Infrastructure.EFCore", "BlogManagement.Infrastructure.EFCore\BlogManagement.Infrastructure.EFCore.csproj", "{D63C2065-253A-4D33-9D83-D6705556FD5A}"
EndProject
Project("{9A19103F-16F7-4668-BE54-9A1E7A4F7556}") = "BlogManagement.Infrastructure.Configuration", "BlogManagement.Infrastructure.Configuration\BlogManagement.Infrastructure.Configuration.csproj", "{FBF542E9-0A94-4F6C-AAB5-E6698CD7CEF7}"
EndProject
Project("{2150E333-8FDC-42A3-9474-1A3956D46DE8}") = "CommentManagement", "CommentManagement", "{EDF34EA9-121B-4B67-8CD7-9890663FA635}"
EndProject
Project("{2150E333-8FDC-42A3-9474-1A3956D46DE8}") = "CM.Domain", "CM.Domain", "{EBA541A6-E0B5-4091-A0E8-4F2447ECBDEA}"
EndProject
Project("{9A19103F-16F7-4668-BE54-9A1E7A4F7556}") = "CommentManagement.Domain", "CommentManagement.Domain\CommentManagement.Domain.csproj", "{60A518B6-462D-415F-A2EC-A79ACDCFA146}"
EndProject
Project("{2150E333-8FDC-42A3-9474-1A3956D46DE8}") = "CM.Application", "CM.Application", "{386EDD8A-979B-4882-8E28-A107A41A08E5}"
EndProject
Project("{9A19103F-16F7-4668-BE54-9A1E7A4F7556}") = "CommentManagement.Application.Contracts", "CommentManagement.Application.Contracts\CommentManagement.Application.Contracts.csproj", "{F2549EA3-C12F-4468-B073-77A0E765E08C}"
EndProject
Project("{9A19103F-16F7-4668-BE54-9A1E7A4F7556}") = "CommentManagement.Application", "CommentManagement.Application\CommentManagement.Application.csproj", "{42B9D7E7-3793-497A-8DDE-629A135A4271}"
EndProject
Project("{2150E333-8FDC-42A3-9474-1A3956D46DE8}") = "CM.Infrastructure", "CM.Infrastructure", "{034EA691-BBD7-4CB9-9DBD-3D66CDB1A50A}"
EndProject
Project("{9A19103F-16F7-4668-BE54-9A1E7A4F7556}") = "CommentManagement.Infrastructure.EFCore", "CommentManagement.Infrastructure.EFCore\CommentManagement.Infrastructure.EFCore.csproj", "{CF89D2F8-2FAD-457B-9CE7-B405D3D778B4}"
EndProject
Project("{9A19103F-16F7-4668-BE54-9A1E7A4F7556}") = "CommentManagement.Infrastructure.Configuration", "CommentManagement.Infrastructure.Configuration\CommentManagement.Infrastructure.Configuration.csproj", "{02EC1CA1-09FD-40FB-82EE-BCC4C2CB1354}"
EndProject
Project("{2150E333-8FDC-42A3-9474-1A3956D46DE8}") = "AccountManagement", "AccountManagement", "{207F1D4E-E329-4977-875B-9D44A264CBD2}"
EndProject
Project("{2150E333-8FDC-42A3-9474-1A3956D46DE8}") = "AM.Domain", "AM.Domain", "{FFEA1325-2D9E-4C0F-A6AD-6A346BE9DE61}"
EndProject
Project("{9A19103F-16F7-4668-BE54-9A1E7A4F7556}") = "AccountManagement.Domain", "AccountManagement.Domain\AccountManagement.Domain.csproj", "{EAE9B71C-B5DC-4994-8DAB-A312AC4D2A82}"
EndProject
Project("{2150E333-8FDC-42A3-9474-1A3956D46DE8}") = "AM.Application", "AM.Application", "{15A8C4BB-11F6-46AA-A2F1-1D7DB1B45CDC}"
EndProject
Project("{9A19103F-16F7-4668-BE54-9A1E7A4F7556}") = "AccountManagement.Application.Contracts", "AccountManagement.Application.Contracts\AccountManagement.Application.Contracts.csproj", "{EE5A2E8C-EB85-4747-B4B3-C2C13F8EF64D}"
EndProject
Project("{2150E333-8FDC-42A3-9474-1A3956D46DE8}") = "AM.Infrastructure", "AM.Infrastructure", "{F1D1EC26-5AEA-4427-9532-0C7E827AC478}"
EndProject
Project("{9A19103F-16F7-4668-BE54-9A1E7A4F7556}") = "AccountManagement.Infrastructure.EFCore", "AccountManagement.Infrastructure.EFCore\AccountManagement.Infrastructure.EFCore.csproj", "{234BFFCE-7EE5-48D9-BF04-5C197EFC9063}"
EndProject
Project("{9A19103F-16F7-4668-BE54-9A1E7A4F7556}") = "AccountManagement.Application", "AccountManagement.Application\AccountManagement.Application.csproj", "{11BDDF96-2591-4A03-9629-1FE91A1660ED}"
EndProject
Project("{9A19103F-16F7-4668-BE54-9A1E7A4F7556}") = "AccountManagement.Configuration", "AccountManagement.Configuration\AccountManagement.Configuration.csproj", "{16F6E2DD-08B8-435A-A96B-F12354A68197}"
EndProject
Project("{9A19103F-16F7-4668-BE54-9A1E7A4F7556}") = "ShopManagement.Infrastructure.InventoryACL", "ShopManagement.Infrastructure.InventoryACL\ShopManagement.Infrastructure.InventoryACL.csproj", "{6190DB18-9A63-49EA-A9DD-BCCD61D02C31}"
EndProject
Project("{2150E333-8FDC-42A3-9474-1A3956D46DE8}") = "SM.Presentation", "SM.Presentation", "{B1E2BE87-5FD3-4D54-947A-9BBD493D734E}"
EndProject
Project("{FAE04EC0-301F-11D3-BF4B-00C04F79EFBC}") = "ShopManagement.Presentation.Api", "ShopManagement.Presentation.Api\ShopManagement.Presentation.Api.csproj", "{1D8E6952-2BF3-4F95-991D-3B0C26CA9DEE}"
EndProject
Project("{2150E333-8FDC-42A3-9474-1A3956D46DE8}") = "IM.Presentation", "IM.Presentation", "{3018BAA6-055C-4C97-A377-BAF2556717CC}"
EndProject
Project("{FAE04EC0-301F-11D3-BF4B-00C04F79EFBC}") = "InventoryManagement.Presentation.Api", "InventoryManagement.Presentation.Api\InventoryManagement.Presentation.Api.csproj", "{CABCC12C-4B94-4B6A-9100-01C447D9CCB2}"
EndProject
Project("{2150E333-8FDC-42A3-9474-1A3956D46DE8}") = "BM.Presentation", "BM.Presentation", "{B29DE94B-B50D-48FA-BCD9-BD5FF2CDE24A}"
EndProject
Project("{FAE04EC0-301F-11D3-BF4B-00C04F79EFBC}") = "BlogManagement.Presentation.Api", "BlogManagement.Presentation.Api\BlogManagement.Presentation.Api.csproj", "{930D7481-0666-4D9F-8C0F-DD2F87103B8E}"
EndProject
Global
	GlobalSection(SolutionConfigurationPlatforms) = preSolution
		Debug|Any CPU = Debug|Any CPU
		Release|Any CPU = Release|Any CPU
	EndGlobalSection
	GlobalSection(ProjectConfigurationPlatforms) = postSolution
		{65727B3B-0828-447E-BB75-26078E4EA3B7}.Debug|Any CPU.ActiveCfg = Debug|Any CPU
		{65727B3B-0828-447E-BB75-26078E4EA3B7}.Debug|Any CPU.Build.0 = Debug|Any CPU
		{65727B3B-0828-447E-BB75-26078E4EA3B7}.Release|Any CPU.ActiveCfg = Release|Any CPU
		{65727B3B-0828-447E-BB75-26078E4EA3B7}.Release|Any CPU.Build.0 = Release|Any CPU
		{A94F9C2D-ADE5-4111-BA03-608CE3B7B968}.Debug|Any CPU.ActiveCfg = Debug|Any CPU
		{A94F9C2D-ADE5-4111-BA03-608CE3B7B968}.Debug|Any CPU.Build.0 = Debug|Any CPU
		{A94F9C2D-ADE5-4111-BA03-608CE3B7B968}.Release|Any CPU.ActiveCfg = Release|Any CPU
		{A94F9C2D-ADE5-4111-BA03-608CE3B7B968}.Release|Any CPU.Build.0 = Release|Any CPU
		{2F32F335-687B-4F0C-A092-87CCB36705F8}.Debug|Any CPU.ActiveCfg = Debug|Any CPU
		{2F32F335-687B-4F0C-A092-87CCB36705F8}.Debug|Any CPU.Build.0 = Debug|Any CPU
		{2F32F335-687B-4F0C-A092-87CCB36705F8}.Release|Any CPU.ActiveCfg = Release|Any CPU
		{2F32F335-687B-4F0C-A092-87CCB36705F8}.Release|Any CPU.Build.0 = Release|Any CPU
		{EB094DF8-92F2-47D5-A6CB-B94DF3714426}.Debug|Any CPU.ActiveCfg = Debug|Any CPU
		{EB094DF8-92F2-47D5-A6CB-B94DF3714426}.Debug|Any CPU.Build.0 = Debug|Any CPU
		{EB094DF8-92F2-47D5-A6CB-B94DF3714426}.Release|Any CPU.ActiveCfg = Release|Any CPU
		{EB094DF8-92F2-47D5-A6CB-B94DF3714426}.Release|Any CPU.Build.0 = Release|Any CPU
		{4A56D861-F486-4EA0-BB4B-2E6CA7CC1014}.Debug|Any CPU.ActiveCfg = Debug|Any CPU
		{4A56D861-F486-4EA0-BB4B-2E6CA7CC1014}.Debug|Any CPU.Build.0 = Debug|Any CPU
		{4A56D861-F486-4EA0-BB4B-2E6CA7CC1014}.Release|Any CPU.ActiveCfg = Release|Any CPU
		{4A56D861-F486-4EA0-BB4B-2E6CA7CC1014}.Release|Any CPU.Build.0 = Release|Any CPU
		{58DBB98C-21D3-4FDA-8752-2B216D83552C}.Debug|Any CPU.ActiveCfg = Debug|Any CPU
		{58DBB98C-21D3-4FDA-8752-2B216D83552C}.Debug|Any CPU.Build.0 = Debug|Any CPU
		{58DBB98C-21D3-4FDA-8752-2B216D83552C}.Release|Any CPU.ActiveCfg = Release|Any CPU
		{58DBB98C-21D3-4FDA-8752-2B216D83552C}.Release|Any CPU.Build.0 = Release|Any CPU
		{FA4B5826-193B-4D00-B0BD-EEEA3E814D6A}.Debug|Any CPU.ActiveCfg = Debug|Any CPU
		{FA4B5826-193B-4D00-B0BD-EEEA3E814D6A}.Debug|Any CPU.Build.0 = Debug|Any CPU
		{FA4B5826-193B-4D00-B0BD-EEEA3E814D6A}.Release|Any CPU.ActiveCfg = Release|Any CPU
		{FA4B5826-193B-4D00-B0BD-EEEA3E814D6A}.Release|Any CPU.Build.0 = Release|Any CPU
		{A6AF1764-1E89-4293-8C94-89A8FFD71819}.Debug|Any CPU.ActiveCfg = Debug|Any CPU
		{A6AF1764-1E89-4293-8C94-89A8FFD71819}.Debug|Any CPU.Build.0 = Debug|Any CPU
		{A6AF1764-1E89-4293-8C94-89A8FFD71819}.Release|Any CPU.ActiveCfg = Release|Any CPU
		{A6AF1764-1E89-4293-8C94-89A8FFD71819}.Release|Any CPU.Build.0 = Release|Any CPU
		{DF1A4E9A-ADCA-4BF9-9B5D-5722553A3E81}.Debug|Any CPU.ActiveCfg = Debug|Any CPU
		{DF1A4E9A-ADCA-4BF9-9B5D-5722553A3E81}.Debug|Any CPU.Build.0 = Debug|Any CPU
		{DF1A4E9A-ADCA-4BF9-9B5D-5722553A3E81}.Release|Any CPU.ActiveCfg = Release|Any CPU
		{DF1A4E9A-ADCA-4BF9-9B5D-5722553A3E81}.Release|Any CPU.Build.0 = Release|Any CPU
		{ED638D34-1D0E-4249-B353-A4AC0FE387E0}.Debug|Any CPU.ActiveCfg = Debug|Any CPU
		{ED638D34-1D0E-4249-B353-A4AC0FE387E0}.Debug|Any CPU.Build.0 = Debug|Any CPU
		{ED638D34-1D0E-4249-B353-A4AC0FE387E0}.Release|Any CPU.ActiveCfg = Release|Any CPU
		{ED638D34-1D0E-4249-B353-A4AC0FE387E0}.Release|Any CPU.Build.0 = Release|Any CPU
		{7CEC926E-EFD1-4B6F-ACDD-AE018261A481}.Debug|Any CPU.ActiveCfg = Debug|Any CPU
		{7CEC926E-EFD1-4B6F-ACDD-AE018261A481}.Debug|Any CPU.Build.0 = Debug|Any CPU
		{7CEC926E-EFD1-4B6F-ACDD-AE018261A481}.Release|Any CPU.ActiveCfg = Release|Any CPU
		{7CEC926E-EFD1-4B6F-ACDD-AE018261A481}.Release|Any CPU.Build.0 = Release|Any CPU
		{25D4034B-B8FD-45FC-8C5D-8C2623781BC2}.Debug|Any CPU.ActiveCfg = Debug|Any CPU
		{25D4034B-B8FD-45FC-8C5D-8C2623781BC2}.Debug|Any CPU.Build.0 = Debug|Any CPU
		{25D4034B-B8FD-45FC-8C5D-8C2623781BC2}.Release|Any CPU.ActiveCfg = Release|Any CPU
		{25D4034B-B8FD-45FC-8C5D-8C2623781BC2}.Release|Any CPU.Build.0 = Release|Any CPU
		{9563E7FB-F047-4EF7-BF7F-CD59D9B4EC6C}.Debug|Any CPU.ActiveCfg = Debug|Any CPU
		{9563E7FB-F047-4EF7-BF7F-CD59D9B4EC6C}.Debug|Any CPU.Build.0 = Debug|Any CPU
		{9563E7FB-F047-4EF7-BF7F-CD59D9B4EC6C}.Release|Any CPU.ActiveCfg = Release|Any CPU
		{9563E7FB-F047-4EF7-BF7F-CD59D9B4EC6C}.Release|Any CPU.Build.0 = Release|Any CPU
		{E25F6C80-11B8-47DF-B2F3-DAEB77D8E2F9}.Debug|Any CPU.ActiveCfg = Debug|Any CPU
		{E25F6C80-11B8-47DF-B2F3-DAEB77D8E2F9}.Debug|Any CPU.Build.0 = Debug|Any CPU
		{E25F6C80-11B8-47DF-B2F3-DAEB77D8E2F9}.Release|Any CPU.ActiveCfg = Release|Any CPU
		{E25F6C80-11B8-47DF-B2F3-DAEB77D8E2F9}.Release|Any CPU.Build.0 = Release|Any CPU
		{74CAFCC0-E2DF-4100-B429-AB8775798E2A}.Debug|Any CPU.ActiveCfg = Debug|Any CPU
		{74CAFCC0-E2DF-4100-B429-AB8775798E2A}.Debug|Any CPU.Build.0 = Debug|Any CPU
		{74CAFCC0-E2DF-4100-B429-AB8775798E2A}.Release|Any CPU.ActiveCfg = Release|Any CPU
		{74CAFCC0-E2DF-4100-B429-AB8775798E2A}.Release|Any CPU.Build.0 = Release|Any CPU
		{E3CB562D-A6D3-4D89-B117-E8616B00997E}.Debug|Any CPU.ActiveCfg = Debug|Any CPU
		{E3CB562D-A6D3-4D89-B117-E8616B00997E}.Debug|Any CPU.Build.0 = Debug|Any CPU
		{E3CB562D-A6D3-4D89-B117-E8616B00997E}.Release|Any CPU.ActiveCfg = Release|Any CPU
		{E3CB562D-A6D3-4D89-B117-E8616B00997E}.Release|Any CPU.Build.0 = Release|Any CPU
		{3D4A7A6C-3A1A-4198-85F0-F0C41B5055E8}.Debug|Any CPU.ActiveCfg = Debug|Any CPU
		{3D4A7A6C-3A1A-4198-85F0-F0C41B5055E8}.Debug|Any CPU.Build.0 = Debug|Any CPU
		{3D4A7A6C-3A1A-4198-85F0-F0C41B5055E8}.Release|Any CPU.ActiveCfg = Release|Any CPU
		{3D4A7A6C-3A1A-4198-85F0-F0C41B5055E8}.Release|Any CPU.Build.0 = Release|Any CPU
		{C9814BB5-54AE-40E9-88F7-64935C3A28C3}.Debug|Any CPU.ActiveCfg = Debug|Any CPU
		{C9814BB5-54AE-40E9-88F7-64935C3A28C3}.Debug|Any CPU.Build.0 = Debug|Any CPU
		{C9814BB5-54AE-40E9-88F7-64935C3A28C3}.Release|Any CPU.ActiveCfg = Release|Any CPU
		{C9814BB5-54AE-40E9-88F7-64935C3A28C3}.Release|Any CPU.Build.0 = Release|Any CPU
		{F20A3360-25F5-4C95-8A51-E4DE8A32B3EF}.Debug|Any CPU.ActiveCfg = Debug|Any CPU
		{F20A3360-25F5-4C95-8A51-E4DE8A32B3EF}.Debug|Any CPU.Build.0 = Debug|Any CPU
		{F20A3360-25F5-4C95-8A51-E4DE8A32B3EF}.Release|Any CPU.ActiveCfg = Release|Any CPU
		{F20A3360-25F5-4C95-8A51-E4DE8A32B3EF}.Release|Any CPU.Build.0 = Release|Any CPU
		{8E215E56-E5AB-4D27-A959-1A4BD671FD05}.Debug|Any CPU.ActiveCfg = Debug|Any CPU
		{8E215E56-E5AB-4D27-A959-1A4BD671FD05}.Debug|Any CPU.Build.0 = Debug|Any CPU
		{8E215E56-E5AB-4D27-A959-1A4BD671FD05}.Release|Any CPU.ActiveCfg = Release|Any CPU
		{8E215E56-E5AB-4D27-A959-1A4BD671FD05}.Release|Any CPU.Build.0 = Release|Any CPU
		{5FEB4E7E-4E77-4FC5-BC4F-80B680A0CD70}.Debug|Any CPU.ActiveCfg = Debug|Any CPU
		{5FEB4E7E-4E77-4FC5-BC4F-80B680A0CD70}.Debug|Any CPU.Build.0 = Debug|Any CPU
		{5FEB4E7E-4E77-4FC5-BC4F-80B680A0CD70}.Release|Any CPU.ActiveCfg = Release|Any CPU
		{5FEB4E7E-4E77-4FC5-BC4F-80B680A0CD70}.Release|Any CPU.Build.0 = Release|Any CPU
		{D63C2065-253A-4D33-9D83-D6705556FD5A}.Debug|Any CPU.ActiveCfg = Debug|Any CPU
		{D63C2065-253A-4D33-9D83-D6705556FD5A}.Debug|Any CPU.Build.0 = Debug|Any CPU
		{D63C2065-253A-4D33-9D83-D6705556FD5A}.Release|Any CPU.ActiveCfg = Release|Any CPU
		{D63C2065-253A-4D33-9D83-D6705556FD5A}.Release|Any CPU.Build.0 = Release|Any CPU
		{FBF542E9-0A94-4F6C-AAB5-E6698CD7CEF7}.Debug|Any CPU.ActiveCfg = Debug|Any CPU
		{FBF542E9-0A94-4F6C-AAB5-E6698CD7CEF7}.Debug|Any CPU.Build.0 = Debug|Any CPU
		{FBF542E9-0A94-4F6C-AAB5-E6698CD7CEF7}.Release|Any CPU.ActiveCfg = Release|Any CPU
		{FBF542E9-0A94-4F6C-AAB5-E6698CD7CEF7}.Release|Any CPU.Build.0 = Release|Any CPU
		{60A518B6-462D-415F-A2EC-A79ACDCFA146}.Debug|Any CPU.ActiveCfg = Debug|Any CPU
		{60A518B6-462D-415F-A2EC-A79ACDCFA146}.Debug|Any CPU.Build.0 = Debug|Any CPU
		{60A518B6-462D-415F-A2EC-A79ACDCFA146}.Release|Any CPU.ActiveCfg = Release|Any CPU
		{60A518B6-462D-415F-A2EC-A79ACDCFA146}.Release|Any CPU.Build.0 = Release|Any CPU
		{F2549EA3-C12F-4468-B073-77A0E765E08C}.Debug|Any CPU.ActiveCfg = Debug|Any CPU
		{F2549EA3-C12F-4468-B073-77A0E765E08C}.Debug|Any CPU.Build.0 = Debug|Any CPU
		{F2549EA3-C12F-4468-B073-77A0E765E08C}.Release|Any CPU.ActiveCfg = Release|Any CPU
		{F2549EA3-C12F-4468-B073-77A0E765E08C}.Release|Any CPU.Build.0 = Release|Any CPU
		{42B9D7E7-3793-497A-8DDE-629A135A4271}.Debug|Any CPU.ActiveCfg = Debug|Any CPU
		{42B9D7E7-3793-497A-8DDE-629A135A4271}.Debug|Any CPU.Build.0 = Debug|Any CPU
		{42B9D7E7-3793-497A-8DDE-629A135A4271}.Release|Any CPU.ActiveCfg = Release|Any CPU
		{42B9D7E7-3793-497A-8DDE-629A135A4271}.Release|Any CPU.Build.0 = Release|Any CPU
		{CF89D2F8-2FAD-457B-9CE7-B405D3D778B4}.Debug|Any CPU.ActiveCfg = Debug|Any CPU
		{CF89D2F8-2FAD-457B-9CE7-B405D3D778B4}.Debug|Any CPU.Build.0 = Debug|Any CPU
		{CF89D2F8-2FAD-457B-9CE7-B405D3D778B4}.Release|Any CPU.ActiveCfg = Release|Any CPU
		{CF89D2F8-2FAD-457B-9CE7-B405D3D778B4}.Release|Any CPU.Build.0 = Release|Any CPU
		{02EC1CA1-09FD-40FB-82EE-BCC4C2CB1354}.Debug|Any CPU.ActiveCfg = Debug|Any CPU
		{02EC1CA1-09FD-40FB-82EE-BCC4C2CB1354}.Debug|Any CPU.Build.0 = Debug|Any CPU
		{02EC1CA1-09FD-40FB-82EE-BCC4C2CB1354}.Release|Any CPU.ActiveCfg = Release|Any CPU
		{02EC1CA1-09FD-40FB-82EE-BCC4C2CB1354}.Release|Any CPU.Build.0 = Release|Any CPU
		{EAE9B71C-B5DC-4994-8DAB-A312AC4D2A82}.Debug|Any CPU.ActiveCfg = Debug|Any CPU
		{EAE9B71C-B5DC-4994-8DAB-A312AC4D2A82}.Debug|Any CPU.Build.0 = Debug|Any CPU
		{EAE9B71C-B5DC-4994-8DAB-A312AC4D2A82}.Release|Any CPU.ActiveCfg = Release|Any CPU
		{EAE9B71C-B5DC-4994-8DAB-A312AC4D2A82}.Release|Any CPU.Build.0 = Release|Any CPU
		{EE5A2E8C-EB85-4747-B4B3-C2C13F8EF64D}.Debug|Any CPU.ActiveCfg = Debug|Any CPU
		{EE5A2E8C-EB85-4747-B4B3-C2C13F8EF64D}.Debug|Any CPU.Build.0 = Debug|Any CPU
		{EE5A2E8C-EB85-4747-B4B3-C2C13F8EF64D}.Release|Any CPU.ActiveCfg = Release|Any CPU
		{EE5A2E8C-EB85-4747-B4B3-C2C13F8EF64D}.Release|Any CPU.Build.0 = Release|Any CPU
		{234BFFCE-7EE5-48D9-BF04-5C197EFC9063}.Debug|Any CPU.ActiveCfg = Debug|Any CPU
		{234BFFCE-7EE5-48D9-BF04-5C197EFC9063}.Debug|Any CPU.Build.0 = Debug|Any CPU
		{234BFFCE-7EE5-48D9-BF04-5C197EFC9063}.Release|Any CPU.ActiveCfg = Release|Any CPU
		{234BFFCE-7EE5-48D9-BF04-5C197EFC9063}.Release|Any CPU.Build.0 = Release|Any CPU
		{11BDDF96-2591-4A03-9629-1FE91A1660ED}.Debug|Any CPU.ActiveCfg = Debug|Any CPU
		{11BDDF96-2591-4A03-9629-1FE91A1660ED}.Debug|Any CPU.Build.0 = Debug|Any CPU
		{11BDDF96-2591-4A03-9629-1FE91A1660ED}.Release|Any CPU.ActiveCfg = Release|Any CPU
		{11BDDF96-2591-4A03-9629-1FE91A1660ED}.Release|Any CPU.Build.0 = Release|Any CPU
		{16F6E2DD-08B8-435A-A96B-F12354A68197}.Debug|Any CPU.ActiveCfg = Debug|Any CPU
		{16F6E2DD-08B8-435A-A96B-F12354A68197}.Debug|Any CPU.Build.0 = Debug|Any CPU
		{16F6E2DD-08B8-435A-A96B-F12354A68197}.Release|Any CPU.ActiveCfg = Release|Any CPU
		{16F6E2DD-08B8-435A-A96B-F12354A68197}.Release|Any CPU.Build.0 = Release|Any CPU
		{6190DB18-9A63-49EA-A9DD-BCCD61D02C31}.Debug|Any CPU.ActiveCfg = Debug|Any CPU
		{6190DB18-9A63-49EA-A9DD-BCCD61D02C31}.Debug|Any CPU.Build.0 = Debug|Any CPU
		{6190DB18-9A63-49EA-A9DD-BCCD61D02C31}.Release|Any CPU.ActiveCfg = Release|Any CPU
		{6190DB18-9A63-49EA-A9DD-BCCD61D02C31}.Release|Any CPU.Build.0 = Release|Any CPU
		{1D8E6952-2BF3-4F95-991D-3B0C26CA9DEE}.Debug|Any CPU.ActiveCfg = Debug|Any CPU
		{1D8E6952-2BF3-4F95-991D-3B0C26CA9DEE}.Debug|Any CPU.Build.0 = Debug|Any CPU
		{1D8E6952-2BF3-4F95-991D-3B0C26CA9DEE}.Release|Any CPU.ActiveCfg = Release|Any CPU
		{1D8E6952-2BF3-4F95-991D-3B0C26CA9DEE}.Release|Any CPU.Build.0 = Release|Any CPU
		{CABCC12C-4B94-4B6A-9100-01C447D9CCB2}.Debug|Any CPU.ActiveCfg = Debug|Any CPU
		{CABCC12C-4B94-4B6A-9100-01C447D9CCB2}.Debug|Any CPU.Build.0 = Debug|Any CPU
		{CABCC12C-4B94-4B6A-9100-01C447D9CCB2}.Release|Any CPU.ActiveCfg = Release|Any CPU
		{CABCC12C-4B94-4B6A-9100-01C447D9CCB2}.Release|Any CPU.Build.0 = Release|Any CPU
		{930D7481-0666-4D9F-8C0F-DD2F87103B8E}.Debug|Any CPU.ActiveCfg = Debug|Any CPU
		{930D7481-0666-4D9F-8C0F-DD2F87103B8E}.Debug|Any CPU.Build.0 = Debug|Any CPU
		{930D7481-0666-4D9F-8C0F-DD2F87103B8E}.Release|Any CPU.ActiveCfg = Release|Any CPU
		{930D7481-0666-4D9F-8C0F-DD2F87103B8E}.Release|Any CPU.Build.0 = Release|Any CPU
	EndGlobalSection
	GlobalSection(SolutionProperties) = preSolution
		HideSolutionNode = FALSE
	EndGlobalSection
	GlobalSection(NestedProjects) = preSolution
		{0A5DE0A5-6876-4C0B-8150-B5EB77C87D4F} = {9F446B88-AC55-4B24-8B0F-FFACCDC0CDFB}
		{65727B3B-0828-447E-BB75-26078E4EA3B7} = {0A5DE0A5-6876-4C0B-8150-B5EB77C87D4F}
		{9E0F3C94-7C6F-41AF-B296-E157BB48B372} = {9F446B88-AC55-4B24-8B0F-FFACCDC0CDFB}
		{2F32F335-687B-4F0C-A092-87CCB36705F8} = {9E0F3C94-7C6F-41AF-B296-E157BB48B372}
		{EB094DF8-92F2-47D5-A6CB-B94DF3714426} = {9E0F3C94-7C6F-41AF-B296-E157BB48B372}
		{04C01B60-E3D0-44E3-ABF5-B0DD47FF7F09} = {9F446B88-AC55-4B24-8B0F-FFACCDC0CDFB}
		{4A56D861-F486-4EA0-BB4B-2E6CA7CC1014} = {04C01B60-E3D0-44E3-ABF5-B0DD47FF7F09}
		{58DBB98C-21D3-4FDA-8752-2B216D83552C} = {04C01B60-E3D0-44E3-ABF5-B0DD47FF7F09}
		{72AE6FA9-A45E-432E-9731-D1322B286C13} = {A7EB5B3D-35AF-4A61-B097-08AE8A2D9979}
		{DF1A4E9A-ADCA-4BF9-9B5D-5722553A3E81} = {72AE6FA9-A45E-432E-9731-D1322B286C13}
		{DA7F493C-C13D-4643-A72F-B4B3F1F276ED} = {A7EB5B3D-35AF-4A61-B097-08AE8A2D9979}
		{ED638D34-1D0E-4249-B353-A4AC0FE387E0} = {DA7F493C-C13D-4643-A72F-B4B3F1F276ED}
		{7CEC926E-EFD1-4B6F-ACDD-AE018261A481} = {DA7F493C-C13D-4643-A72F-B4B3F1F276ED}
		{E732845C-53B3-4CA6-9390-1BEBBE982CA7} = {A7EB5B3D-35AF-4A61-B097-08AE8A2D9979}
		{25D4034B-B8FD-45FC-8C5D-8C2623781BC2} = {E732845C-53B3-4CA6-9390-1BEBBE982CA7}
		{9563E7FB-F047-4EF7-BF7F-CD59D9B4EC6C} = {E732845C-53B3-4CA6-9390-1BEBBE982CA7}
		{47DC900F-9524-479D-A16F-2A1FEBAF8FF5} = {A547A3A3-E974-4E9E-BD7C-5F5499C9390F}
		{E25F6C80-11B8-47DF-B2F3-DAEB77D8E2F9} = {47DC900F-9524-479D-A16F-2A1FEBAF8FF5}
		{F2520281-8D00-4CCE-8B27-C6299EC37D61} = {A547A3A3-E974-4E9E-BD7C-5F5499C9390F}
		{74CAFCC0-E2DF-4100-B429-AB8775798E2A} = {F2520281-8D00-4CCE-8B27-C6299EC37D61}
		{1BD09C54-9464-482F-B2F0-60FB31557F18} = {A547A3A3-E974-4E9E-BD7C-5F5499C9390F}
		{E3CB562D-A6D3-4D89-B117-E8616B00997E} = {1BD09C54-9464-482F-B2F0-60FB31557F18}
		{3D4A7A6C-3A1A-4198-85F0-F0C41B5055E8} = {1BD09C54-9464-482F-B2F0-60FB31557F18}
		{C9814BB5-54AE-40E9-88F7-64935C3A28C3} = {F2520281-8D00-4CCE-8B27-C6299EC37D61}
		{9D69497B-04F8-46FB-B1F3-5265B2889412} = {7E0A4115-0FB3-40DE-AE21-EFB0967E8687}
		{F20A3360-25F5-4C95-8A51-E4DE8A32B3EF} = {9D69497B-04F8-46FB-B1F3-5265B2889412}
		{C25BF413-5D67-40F9-8D5F-97B8D7130BCB} = {7E0A4115-0FB3-40DE-AE21-EFB0967E8687}
		{8E215E56-E5AB-4D27-A959-1A4BD671FD05} = {C25BF413-5D67-40F9-8D5F-97B8D7130BCB}
		{5FEB4E7E-4E77-4FC5-BC4F-80B680A0CD70} = {C25BF413-5D67-40F9-8D5F-97B8D7130BCB}
		{48894293-BF9E-48FC-9A11-7F9B5538E371} = {7E0A4115-0FB3-40DE-AE21-EFB0967E8687}
		{D63C2065-253A-4D33-9D83-D6705556FD5A} = {48894293-BF9E-48FC-9A11-7F9B5538E371}
		{FBF542E9-0A94-4F6C-AAB5-E6698CD7CEF7} = {48894293-BF9E-48FC-9A11-7F9B5538E371}
		{EBA541A6-E0B5-4091-A0E8-4F2447ECBDEA} = {EDF34EA9-121B-4B67-8CD7-9890663FA635}
		{60A518B6-462D-415F-A2EC-A79ACDCFA146} = {EBA541A6-E0B5-4091-A0E8-4F2447ECBDEA}
		{386EDD8A-979B-4882-8E28-A107A41A08E5} = {EDF34EA9-121B-4B67-8CD7-9890663FA635}
		{F2549EA3-C12F-4468-B073-77A0E765E08C} = {386EDD8A-979B-4882-8E28-A107A41A08E5}
		{42B9D7E7-3793-497A-8DDE-629A135A4271} = {386EDD8A-979B-4882-8E28-A107A41A08E5}
		{034EA691-BBD7-4CB9-9DBD-3D66CDB1A50A} = {EDF34EA9-121B-4B67-8CD7-9890663FA635}
		{CF89D2F8-2FAD-457B-9CE7-B405D3D778B4} = {034EA691-BBD7-4CB9-9DBD-3D66CDB1A50A}
		{02EC1CA1-09FD-40FB-82EE-BCC4C2CB1354} = {034EA691-BBD7-4CB9-9DBD-3D66CDB1A50A}
		{FFEA1325-2D9E-4C0F-A6AD-6A346BE9DE61} = {207F1D4E-E329-4977-875B-9D44A264CBD2}
		{EAE9B71C-B5DC-4994-8DAB-A312AC4D2A82} = {FFEA1325-2D9E-4C0F-A6AD-6A346BE9DE61}
		{15A8C4BB-11F6-46AA-A2F1-1D7DB1B45CDC} = {207F1D4E-E329-4977-875B-9D44A264CBD2}
		{EE5A2E8C-EB85-4747-B4B3-C2C13F8EF64D} = {15A8C4BB-11F6-46AA-A2F1-1D7DB1B45CDC}
		{F1D1EC26-5AEA-4427-9532-0C7E827AC478} = {207F1D4E-E329-4977-875B-9D44A264CBD2}
		{234BFFCE-7EE5-48D9-BF04-5C197EFC9063} = {F1D1EC26-5AEA-4427-9532-0C7E827AC478}
		{11BDDF96-2591-4A03-9629-1FE91A1660ED} = {15A8C4BB-11F6-46AA-A2F1-1D7DB1B45CDC}
		{16F6E2DD-08B8-435A-A96B-F12354A68197} = {F1D1EC26-5AEA-4427-9532-0C7E827AC478}
		{6190DB18-9A63-49EA-A9DD-BCCD61D02C31} = {04C01B60-E3D0-44E3-ABF5-B0DD47FF7F09}
		{B1E2BE87-5FD3-4D54-947A-9BBD493D734E} = {9F446B88-AC55-4B24-8B0F-FFACCDC0CDFB}
		{1D8E6952-2BF3-4F95-991D-3B0C26CA9DEE} = {B1E2BE87-5FD3-4D54-947A-9BBD493D734E}
		{3018BAA6-055C-4C97-A377-BAF2556717CC} = {A547A3A3-E974-4E9E-BD7C-5F5499C9390F}
		{CABCC12C-4B94-4B6A-9100-01C447D9CCB2} = {3018BAA6-055C-4C97-A377-BAF2556717CC}
		{B29DE94B-B50D-48FA-BCD9-BD5FF2CDE24A} = {7E0A4115-0FB3-40DE-AE21-EFB0967E8687}
		{930D7481-0666-4D9F-8C0F-DD2F87103B8E} = {B29DE94B-B50D-48FA-BCD9-BD5FF2CDE24A}
	EndGlobalSection
	GlobalSection(ExtensibilityGlobals) = postSolution
		SolutionGuid = {C198DBDC-3246-43C8-A73E-B7A995D4EE44}
	EndGlobalSection
EndGlobal
