
Microsoft Visual Studio Solution File, Format Version 12.00
# Visual Studio Version 16
VisualStudioVersion = 16.0.31515.178
MinimumVisualStudioVersion = 10.0.40219.1
Project("{9A19103F-16F7-4668-BE54-9A1E7A4F7556}") = "0_Framework", "0_Framework\0_Framework.csproj", "{A94F9C2D-ADE5-4111-BA03-608CE3B7B968}"
EndProject
Project("{9A19103F-16F7-4668-BE54-9A1E7A4F7556}") = "ServiceHost", "ServiceHost\ServiceHost.csproj", "{FA4B5826-193B-4D00-B0BD-EEEA3E814D6A}"
EndProject
Project("{9A19103F-16F7-4668-BE54-9A1E7A4F7556}") = "01_LampshadeQuery", "01_LampshadeQuery\01_LampshadeQuery.csproj", "{A6AF1764-1E89-4293-8C94-89A8FFD71819}"
EndProject
Project("{2150E333-8FDC-42A3-9474-1A3956D46DE8}") = "DiscountManagement", "DiscountManagement", "{A7EB5B3D-35AF-4A61-B097-08AE8A2D9979}"
EndProject
Project("{2150E333-8FDC-42A3-9474-1A3956D46DE8}") = "DM.Domain", "DM.Domain", "{72AE6FA9-A45E-432E-9731-D1322B286C13}"
EndProject
Project("{9A19103F-16F7-4668-BE54-9A1E7A4F7556}") = "DiscountManagement.Domain", "DiscountManagement.Domain\DiscountManagement.Domain.csproj", "{DF1A4E9A-ADCA-4BF9-9B5D-5722553A3E81}"
EndProject
Project("{2150E333-8FDC-42A3-9474-1A3956D46DE8}") = "DM.Application", "DM.Application", "{DA7F493C-C13D-4643-A72F-B4B3F1F276ED}"
EndProject
Project("{9A19103F-16F7-4668-BE54-9A1E7A4F7556}") = "DiscountManagement.Application.Contracts", "DiscountManagement.Application.Contracts\DiscountManagement.Application.Contracts.csproj", "{ED638D34-1D0E-4249-B353-A4AC0FE387E0}"
EndProject
Project("{9A19103F-16F7-4668-BE54-9A1E7A4F7556}") = "DiscountManagement.Application", "DiscountManagement.Application\DiscountManagement.Application.csproj", "{7CEC926E-EFD1-4B6F-ACDD-AE018261A481}"
EndProject
Project("{2150E333-8FDC-42A3-9474-1A3956D46DE8}") = "DM.Infrastructure", "DM.Infrastructure", "{E732845C-53B3-4CA6-9390-1BEBBE982CA7}"
EndProject
Project("{9A19103F-16F7-4668-BE54-9A1E7A4F7556}") = "DiscountManagement.Infrastructure.EFCore", "DiscountManagement.Infrastructure.EFCore\DiscountManagement.Infrastructure.EFCore.csproj", "{25D4034B-B8FD-45FC-8C5D-8C2623781BC2}"
EndProject
Project("{9A19103F-16F7-4668-BE54-9A1E7A4F7556}") = "DiscountManagement.Configuration", "DiscountManagement.Configuration\DiscountManagement.Configuration.csproj", "{9563E7FB-F047-4EF7-BF7F-CD59D9B4EC6C}"
EndProject
Project("{2150E333-8FDC-42A3-9474-1A3956D46DE8}") = "BlogManagement", "BlogManagement", "{7E0A4115-0FB3-40DE-AE21-EFB0967E8687}"
EndProject
Project("{2150E333-8FDC-42A3-9474-1A3956D46DE8}") = "BM.Domain", "BM.Domain", "{9D69497B-04F8-46FB-B1F3-5265B2889412}"
EndProject
Project("{9A19103F-16F7-4668-BE54-9A1E7A4F7556}") = "BlogManagement.Domain", "BlogManagement.Domain\BlogManagement.Domain.csproj", "{F20A3360-25F5-4C95-8A51-E4DE8A32B3EF}"
EndProject
Project("{2150E333-8FDC-42A3-9474-1A3956D46DE8}") = "BM.Application", "BM.Application", "{C25BF413-5D67-40F9-8D5F-97B8D7130BCB}"
EndProject
Project("{9A19103F-16F7-4668-BE54-9A1E7A4F7556}") = "BlogManagement.Application.Contracts", "BlogManagement.Application.Contracts\BlogManagement.Application.Contracts.csproj", "{8E215E56-E5AB-4D27-A959-1A4BD671FD05}"
EndProject
Project("{9A19103F-16F7-4668-BE54-9A1E7A4F7556}") = "BlogManagement.Application", "BlogManagement.Application\BlogManagement.Application.csproj", "{5FEB4E7E-4E77-4FC5-BC4F-80B680A0CD70}"
EndProject
Project("{2150E333-8FDC-42A3-9474-1A3956D46DE8}") = "BM.Infrastructure", "BM.Infrastructure", "{48894293-BF9E-48FC-9A11-7F9B5538E371}"
EndProject
Project("{9A19103F-16F7-4668-BE54-9A1E7A4F7556}") = "BlogManagement.Infrastructure.EFCore", "BlogManagement.Infrastructure.EFCore\BlogManagement.Infrastructure.EFCore.csproj", "{D63C2065-253A-4D33-9D83-D6705556FD5A}"
EndProject
Project("{9A19103F-16F7-4668-BE54-9A1E7A4F7556}") = "BlogManagement.Infrastructure.Configuration", "BlogManagement.Infrastructure.Configuration\BlogManagement.Infrastructure.Configuration.csproj", "{FBF542E9-0A94-4F6C-AAB5-E6698CD7CEF7}"
EndProject
Project("{2150E333-8FDC-42A3-9474-1A3956D46DE8}") = "CommentManagement", "CommentManagement", "{EDF34EA9-121B-4B67-8CD7-9890663FA635}"
EndProject
Project("{2150E333-8FDC-42A3-9474-1A3956D46DE8}") = "CM.Domain", "CM.Domain", "{EBA541A6-E0B5-4091-A0E8-4F2447ECBDEA}"
EndProject
Project("{9A19103F-16F7-4668-BE54-9A1E7A4F7556}") = "CommentManagement.Domain", "CommentManagement.Domain\CommentManagement.Domain.csproj", "{60A518B6-462D-415F-A2EC-A79ACDCFA146}"
EndProject
Project("{2150E333-8FDC-42A3-9474-1A3956D46DE8}") = "CM.Application", "CM.Application", "{386EDD8A-979B-4882-8E28-A107A41A08E5}"
EndProject
Project("{9A19103F-16F7-4668-BE54-9A1E7A4F7556}") = "CommentManagement.Application.Contracts", "CommentManagement.Application.Contracts\CommentManagement.Application.Contracts.csproj", "{F2549EA3-C12F-4468-B073-77A0E765E08C}"
EndProject
Project("{9A19103F-16F7-4668-BE54-9A1E7A4F7556}") = "CommentManagement.Application", "CommentManagement.Application\CommentManagement.Application.csproj", "{42B9D7E7-3793-497A-8DDE-629A135A4271}"
EndProject
Project("{2150E333-8FDC-42A3-9474-1A3956D46DE8}") = "CM.Infrastructure", "CM.Infrastructure", "{034EA691-BBD7-4CB9-9DBD-3D66CDB1A50A}"
EndProject
Project("{9A19103F-16F7-4668-BE54-9A1E7A4F7556}") = "CommentManagement.Infrastructure.EFCore", "CommentManagement.Infrastructure.EFCore\CommentManagement.Infrastructure.EFCore.csproj", "{CF89D2F8-2FAD-457B-9CE7-B405D3D778B4}"
EndProject
Project("{9A19103F-16F7-4668-BE54-9A1E7A4F7556}") = "CommentManagement.Infrastructure.Configuration", "CommentManagement.Infrastructure.Configuration\CommentManagement.Infrastructure.Configuration.csproj", "{02EC1CA1-09FD-40FB-82EE-BCC4C2CB1354}"
EndProject
Project("{2150E333-8FDC-42A3-9474-1A3956D46DE8}") = "AccountManagement", "AccountManagement", "{207F1D4E-E329-4977-875B-9D44A264CBD2}"
EndProject
Project("{2150E333-8FDC-42A3-9474-1A3956D46DE8}") = "AM.Domain", "AM.Domain", "{FFEA1325-2D9E-4C0F-A6AD-6A346BE9DE61}"
EndProject
Project("{9A19103F-16F7-4668-BE54-9A1E7A4F7556}") = "AccountManagement.Domain", "AccountManagement.Domain\AccountManagement.Domain.csproj", "{EAE9B71C-B5DC-4994-8DAB-A312AC4D2A82}"
EndProject
Project("{2150E333-8FDC-42A3-9474-1A3956D46DE8}") = "AM.Application", "AM.Application", "{15A8C4BB-11F6-46AA-A2F1-1D7DB1B45CDC}"
EndProject
Project("{9A19103F-16F7-4668-BE54-9A1E7A4F7556}") = "AccountManagement.Application.Contracts", "AccountManagement.Application.Contracts\AccountManagement.Application.Contracts.csproj", "{EE5A2E8C-EB85-4747-B4B3-C2C13F8EF64D}"
EndProject
Project("{2150E333-8FDC-42A3-9474-1A3956D46DE8}") = "AM.Infrastructure", "AM.Infrastructure", "{F1D1EC26-5AEA-4427-9532-0C7E827AC478}"
EndProject
Project("{9A19103F-16F7-4668-BE54-9A1E7A4F7556}") = "AccountManagement.Infrastructure.EFCore", "AccountManagement.Infrastructure.EFCore\AccountManagement.Infrastructure.EFCore.csproj", "{234BFFCE-7EE5-48D9-BF04-5C197EFC9063}"
EndProject
Project("{9A19103F-16F7-4668-BE54-9A1E7A4F7556}") = "AccountManagement.Application", "AccountManagement.Application\AccountManagement.Application.csproj", "{11BDDF96-2591-4A03-9629-1FE91A1660ED}"
EndProject
Project("{9A19103F-16F7-4668-BE54-9A1E7A4F7556}") = "AccountManagement.Configuration", "AccountManagement.Configuration\AccountManagement.Configuration.csproj", "{16F6E2DD-08B8-435A-A96B-F12354A68197}"
EndProject
Global
	GlobalSection(SolutionConfigurationPlatforms) = preSolution
		Debug|Any CPU = Debug|Any CPU
		Release|Any CPU = Release|Any CPU
	EndGlobalSection
	GlobalSection(ProjectConfigurationPlatforms) = postSolution
		{A94F9C2D-ADE5-4111-BA03-608CE3B7B968}.Debug|Any CPU.ActiveCfg = Debug|Any CPU
		{A94F9C2D-ADE5-4111-BA03-608CE3B7B968}.Debug|Any CPU.Build.0 = Debug|Any CPU
		{A94F9C2D-ADE5-4111-BA03-608CE3B7B968}.Release|Any CPU.ActiveCfg = Release|Any CPU
		{A94F9C2D-ADE5-4111-BA03-608CE3B7B968}.Release|Any CPU.Build.0 = Release|Any CPU
		{FA4B5826-193B-4D00-B0BD-EEEA3E814D6A}.Debug|Any CPU.ActiveCfg = Debug|Any CPU
		{FA4B5826-193B-4D00-B0BD-EEEA3E814D6A}.Debug|Any CPU.Build.0 = Debug|Any CPU
		{FA4B5826-193B-4D00-B0BD-EEEA3E814D6A}.Release|Any CPU.ActiveCfg = Release|Any CPU
		{FA4B5826-193B-4D00-B0BD-EEEA3E814D6A}.Release|Any CPU.Build.0 = Release|Any CPU
		{A6AF1764-1E89-4293-8C94-89A8FFD71819}.Debug|Any CPU.ActiveCfg = Debug|Any CPU
		{A6AF1764-1E89-4293-8C94-89A8FFD71819}.Debug|Any CPU.Build.0 = Debug|Any CPU
		{A6AF1764-1E89-4293-8C94-89A8FFD71819}.Release|Any CPU.ActiveCfg = Release|Any CPU
		{A6AF1764-1E89-4293-8C94-89A8FFD71819}.Release|Any CPU.Build.0 = Release|Any CPU
		{DF1A4E9A-ADCA-4BF9-9B5D-5722553A3E81}.Debug|Any CPU.ActiveCfg = Debug|Any CPU
		{DF1A4E9A-ADCA-4BF9-9B5D-5722553A3E81}.Debug|Any CPU.Build.0 = Debug|Any CPU
		{DF1A4E9A-ADCA-4BF9-9B5D-5722553A3E81}.Release|Any CPU.ActiveCfg = Release|Any CPU
		{DF1A4E9A-ADCA-4BF9-9B5D-5722553A3E81}.Release|Any CPU.Build.0 = Release|Any CPU
		{ED638D34-1D0E-4249-B353-A4AC0FE387E0}.Debug|Any CPU.ActiveCfg = Debug|Any CPU
		{ED638D34-1D0E-4249-B353-A4AC0FE387E0}.Debug|Any CPU.Build.0 = Debug|Any CPU
		{ED638D34-1D0E-4249-B353-A4AC0FE387E0}.Release|Any CPU.ActiveCfg = Release|Any CPU
		{ED638D34-1D0E-4249-B353-A4AC0FE387E0}.Release|Any CPU.Build.0 = Release|Any CPU
		{7CEC926E-EFD1-4B6F-ACDD-AE018261A481}.Debug|Any CPU.ActiveCfg = Debug|Any CPU
		{7CEC926E-EFD1-4B6F-ACDD-AE018261A481}.Debug|Any CPU.Build.0 = Debug|Any CPU
		{7CEC926E-EFD1-4B6F-ACDD-AE018261A481}.Release|Any CPU.ActiveCfg = Release|Any CPU
		{7CEC926E-EFD1-4B6F-ACDD-AE018261A481}.Release|Any CPU.Build.0 = Release|Any CPU
		{25D4034B-B8FD-45FC-8C5D-8C2623781BC2}.Debug|Any CPU.ActiveCfg = Debug|Any CPU
		{25D4034B-B8FD-45FC-8C5D-8C2623781BC2}.Debug|Any CPU.Build.0 = Debug|Any CPU
		{25D4034B-B8FD-45FC-8C5D-8C2623781BC2}.Release|Any CPU.ActiveCfg = Release|Any CPU
		{25D4034B-B8FD-45FC-8C5D-8C2623781BC2}.Release|Any CPU.Build.0 = Release|Any CPU
		{9563E7FB-F047-4EF7-BF7F-CD59D9B4EC6C}.Debug|Any CPU.ActiveCfg = Debug|Any CPU
		{9563E7FB-F047-4EF7-BF7F-CD59D9B4EC6C}.Debug|Any CPU.Build.0 = Debug|Any CPU
		{9563E7FB-F047-4EF7-BF7F-CD59D9B4EC6C}.Release|Any CPU.ActiveCfg = Release|Any CPU
		{9563E7FB-F047-4EF7-BF7F-CD59D9B4EC6C}.Release|Any CPU.Build.0 = Release|Any CPU
		{F20A3360-25F5-4C95-8A51-E4DE8A32B3EF}.Debug|Any CPU.ActiveCfg = Debug|Any CPU
		{F20A3360-25F5-4C95-8A51-E4DE8A32B3EF}.Debug|Any CPU.Build.0 = Debug|Any CPU
		{F20A3360-25F5-4C95-8A51-E4DE8A32B3EF}.Release|Any CPU.ActiveCfg = Release|Any CPU
		{F20A3360-25F5-4C95-8A51-E4DE8A32B3EF}.Release|Any CPU.Build.0 = Release|Any CPU
		{8E215E56-E5AB-4D27-A959-1A4BD671FD05}.Debug|Any CPU.ActiveCfg = Debug|Any CPU
		{8E215E56-E5AB-4D27-A959-1A4BD671FD05}.Debug|Any CPU.Build.0 = Debug|Any CPU
		{8E215E56-E5AB-4D27-A959-1A4BD671FD05}.Release|Any CPU.ActiveCfg = Release|Any CPU
		{8E215E56-E5AB-4D27-A959-1A4BD671FD05}.Release|Any CPU.Build.0 = Release|Any CPU
		{5FEB4E7E-4E77-4FC5-BC4F-80B680A0CD70}.Debug|Any CPU.ActiveCfg = Debug|Any CPU
		{5FEB4E7E-4E77-4FC5-BC4F-80B680A0CD70}.Debug|Any CPU.Build.0 = Debug|Any CPU
		{5FEB4E7E-4E77-4FC5-BC4F-80B680A0CD70}.Release|Any CPU.ActiveCfg = Release|Any CPU
		{5FEB4E7E-4E77-4FC5-BC4F-80B680A0CD70}.Release|Any CPU.Build.0 = Release|Any CPU
		{D63C2065-253A-4D33-9D83-D6705556FD5A}.Debug|Any CPU.ActiveCfg = Debug|Any CPU
		{D63C2065-253A-4D33-9D83-D6705556FD5A}.Debug|Any CPU.Build.0 = Debug|Any CPU
		{D63C2065-253A-4D33-9D83-D6705556FD5A}.Release|Any CPU.ActiveCfg = Release|Any CPU
		{D63C2065-253A-4D33-9D83-D6705556FD5A}.Release|Any CPU.Build.0 = Release|Any CPU
		{FBF542E9-0A94-4F6C-AAB5-E6698CD7CEF7}.Debug|Any CPU.ActiveCfg = Debug|Any CPU
		{FBF542E9-0A94-4F6C-AAB5-E6698CD7CEF7}.Debug|Any CPU.Build.0 = Debug|Any CPU
		{FBF542E9-0A94-4F6C-AAB5-E6698CD7CEF7}.Release|Any CPU.ActiveCfg = Release|Any CPU
		{FBF542E9-0A94-4F6C-AAB5-E6698CD7CEF7}.Release|Any CPU.Build.0 = Release|Any CPU
		{60A518B6-462D-415F-A2EC-A79ACDCFA146}.Debug|Any CPU.ActiveCfg = Debug|Any CPU
		{60A518B6-462D-415F-A2EC-A79ACDCFA146}.Debug|Any CPU.Build.0 = Debug|Any CPU
		{60A518B6-462D-415F-A2EC-A79ACDCFA146}.Release|Any CPU.ActiveCfg = Release|Any CPU
		{60A518B6-462D-415F-A2EC-A79ACDCFA146}.Release|Any CPU.Build.0 = Release|Any CPU
		{F2549EA3-C12F-4468-B073-77A0E765E08C}.Debug|Any CPU.ActiveCfg = Debug|Any CPU
		{F2549EA3-C12F-4468-B073-77A0E765E08C}.Debug|Any CPU.Build.0 = Debug|Any CPU
		{F2549EA3-C12F-4468-B073-77A0E765E08C}.Release|Any CPU.ActiveCfg = Release|Any CPU
		{F2549EA3-C12F-4468-B073-77A0E765E08C}.Release|Any CPU.Build.0 = Release|Any CPU
		{42B9D7E7-3793-497A-8DDE-629A135A4271}.Debug|Any CPU.ActiveCfg = Debug|Any CPU
		{42B9D7E7-3793-497A-8DDE-629A135A4271}.Debug|Any CPU.Build.0 = Debug|Any CPU
		{42B9D7E7-3793-497A-8DDE-629A135A4271}.Release|Any CPU.ActiveCfg = Release|Any CPU
		{42B9D7E7-3793-497A-8DDE-629A135A4271}.Release|Any CPU.Build.0 = Release|Any CPU
		{CF89D2F8-2FAD-457B-9CE7-B405D3D778B4}.Debug|Any CPU.ActiveCfg = Debug|Any CPU
		{CF89D2F8-2FAD-457B-9CE7-B405D3D778B4}.Debug|Any CPU.Build.0 = Debug|Any CPU
		{CF89D2F8-2FAD-457B-9CE7-B405D3D778B4}.Release|Any CPU.ActiveCfg = Release|Any CPU
		{CF89D2F8-2FAD-457B-9CE7-B405D3D778B4}.Release|Any CPU.Build.0 = Release|Any CPU
		{02EC1CA1-09FD-40FB-82EE-BCC4C2CB1354}.Debug|Any CPU.ActiveCfg = Debug|Any CPU
		{02EC1CA1-09FD-40FB-82EE-BCC4C2CB1354}.Debug|Any CPU.Build.0 = Debug|Any CPU
		{02EC1CA1-09FD-40FB-82EE-BCC4C2CB1354}.Release|Any CPU.ActiveCfg = Release|Any CPU
		{02EC1CA1-09FD-40FB-82EE-BCC4C2CB1354}.Release|Any CPU.Build.0 = Release|Any CPU
		{EAE9B71C-B5DC-4994-8DAB-A312AC4D2A82}.Debug|Any CPU.ActiveCfg = Debug|Any CPU
		{EAE9B71C-B5DC-4994-8DAB-A312AC4D2A82}.Debug|Any CPU.Build.0 = Debug|Any CPU
		{EAE9B71C-B5DC-4994-8DAB-A312AC4D2A82}.Release|Any CPU.ActiveCfg = Release|Any CPU
		{EAE9B71C-B5DC-4994-8DAB-A312AC4D2A82}.Release|Any CPU.Build.0 = Release|Any CPU
		{EE5A2E8C-EB85-4747-B4B3-C2C13F8EF64D}.Debug|Any CPU.ActiveCfg = Debug|Any CPU
		{EE5A2E8C-EB85-4747-B4B3-C2C13F8EF64D}.Debug|Any CPU.Build.0 = Debug|Any CPU
		{EE5A2E8C-EB85-4747-B4B3-C2C13F8EF64D}.Release|Any CPU.ActiveCfg = Release|Any CPU
		{EE5A2E8C-EB85-4747-B4B3-C2C13F8EF64D}.Release|Any CPU.Build.0 = Release|Any CPU
		{234BFFCE-7EE5-48D9-BF04-5C197EFC9063}.Debug|Any CPU.ActiveCfg = Debug|Any CPU
		{234BFFCE-7EE5-48D9-BF04-5C197EFC9063}.Debug|Any CPU.Build.0 = Debug|Any CPU
		{234BFFCE-7EE5-48D9-BF04-5C197EFC9063}.Release|Any CPU.ActiveCfg = Release|Any CPU
		{234BFFCE-7EE5-48D9-BF04-5C197EFC9063}.Release|Any CPU.Build.0 = Release|Any CPU
		{11BDDF96-2591-4A03-9629-1FE91A1660ED}.Debug|Any CPU.ActiveCfg = Debug|Any CPU
		{11BDDF96-2591-4A03-9629-1FE91A1660ED}.Debug|Any CPU.Build.0 = Debug|Any CPU
		{11BDDF96-2591-4A03-9629-1FE91A1660ED}.Release|Any CPU.ActiveCfg = Release|Any CPU
		{11BDDF96-2591-4A03-9629-1FE91A1660ED}.Release|Any CPU.Build.0 = Release|Any CPU
		{16F6E2DD-08B8-435A-A96B-F12354A68197}.Debug|Any CPU.ActiveCfg = Debug|Any CPU
		{16F6E2DD-08B8-435A-A96B-F12354A68197}.Debug|Any CPU.Build.0 = Debug|Any CPU
		{16F6E2DD-08B8-435A-A96B-F12354A68197}.Release|Any CPU.ActiveCfg = Release|Any CPU
		{16F6E2DD-08B8-435A-A96B-F12354A68197}.Release|Any CPU.Build.0 = Release|Any CPU
	EndGlobalSection
	GlobalSection(SolutionProperties) = preSolution
		HideSolutionNode = FALSE
	EndGlobalSection
	GlobalSection(NestedProjects) = preSolution
		{72AE6FA9-A45E-432E-9731-D1322B286C13} = {A7EB5B3D-35AF-4A61-B097-08AE8A2D9979}
		{DF1A4E9A-ADCA-4BF9-9B5D-5722553A3E81} = {72AE6FA9-A45E-432E-9731-D1322B286C13}
		{DA7F493C-C13D-4643-A72F-B4B3F1F276ED} = {A7EB5B3D-35AF-4A61-B097-08AE8A2D9979}
		{ED638D34-1D0E-4249-B353-A4AC0FE387E0} = {DA7F493C-C13D-4643-A72F-B4B3F1F276ED}
		{7CEC926E-EFD1-4B6F-ACDD-AE018261A481} = {DA7F493C-C13D-4643-A72F-B4B3F1F276ED}
		{E732845C-53B3-4CA6-9390-1BEBBE982CA7} = {A7EB5B3D-35AF-4A61-B097-08AE8A2D9979}
		{25D4034B-B8FD-45FC-8C5D-8C2623781BC2} = {E732845C-53B3-4CA6-9390-1BEBBE982CA7}
		{9563E7FB-F047-4EF7-BF7F-CD59D9B4EC6C} = {E732845C-53B3-4CA6-9390-1BEBBE982CA7}
		{9D69497B-04F8-46FB-B1F3-5265B2889412} = {7E0A4115-0FB3-40DE-AE21-EFB0967E8687}
		{F20A3360-25F5-4C95-8A51-E4DE8A32B3EF} = {9D69497B-04F8-46FB-B1F3-5265B2889412}
		{C25BF413-5D67-40F9-8D5F-97B8D7130BCB} = {7E0A4115-0FB3-40DE-AE21-EFB0967E8687}
		{8E215E56-E5AB-4D27-A959-1A4BD671FD05} = {C25BF413-5D67-40F9-8D5F-97B8D7130BCB}
		{5FEB4E7E-4E77-4FC5-BC4F-80B680A0CD70} = {C25BF413-5D67-40F9-8D5F-97B8D7130BCB}
		{48894293-BF9E-48FC-9A11-7F9B5538E371} = {7E0A4115-0FB3-40DE-AE21-EFB0967E8687}
		{D63C2065-253A-4D33-9D83-D6705556FD5A} = {48894293-BF9E-48FC-9A11-7F9B5538E371}
		{FBF542E9-0A94-4F6C-AAB5-E6698CD7CEF7} = {48894293-BF9E-48FC-9A11-7F9B5538E371}
		{EBA541A6-E0B5-4091-A0E8-4F2447ECBDEA} = {EDF34EA9-121B-4B67-8CD7-9890663FA635}
		{60A518B6-462D-415F-A2EC-A79ACDCFA146} = {EBA541A6-E0B5-4091-A0E8-4F2447ECBDEA}
		{386EDD8A-979B-4882-8E28-A107A41A08E5} = {EDF34EA9-121B-4B67-8CD7-9890663FA635}
		{F2549EA3-C12F-4468-B073-77A0E765E08C} = {386EDD8A-979B-4882-8E28-A107A41A08E5}
		{42B9D7E7-3793-497A-8DDE-629A135A4271} = {386EDD8A-979B-4882-8E28-A107A41A08E5}
		{034EA691-BBD7-4CB9-9DBD-3D66CDB1A50A} = {EDF34EA9-121B-4B67-8CD7-9890663FA635}
		{CF89D2F8-2FAD-457B-9CE7-B405D3D778B4} = {034EA691-BBD7-4CB9-9DBD-3D66CDB1A50A}
		{02EC1CA1-09FD-40FB-82EE-BCC4C2CB1354} = {034EA691-BBD7-4CB9-9DBD-3D66CDB1A50A}
		{FFEA1325-2D9E-4C0F-A6AD-6A346BE9DE61} = {207F1D4E-E329-4977-875B-9D44A264CBD2}
		{EAE9B71C-B5DC-4994-8DAB-A312AC4D2A82} = {FFEA1325-2D9E-4C0F-A6AD-6A346BE9DE61}
		{15A8C4BB-11F6-46AA-A2F1-1D7DB1B45CDC} = {207F1D4E-E329-4977-875B-9D44A264CBD2}
		{EE5A2E8C-EB85-4747-B4B3-C2C13F8EF64D} = {15A8C4BB-11F6-46AA-A2F1-1D7DB1B45CDC}
		{F1D1EC26-5AEA-4427-9532-0C7E827AC478} = {207F1D4E-E329-4977-875B-9D44A264CBD2}
		{234BFFCE-7EE5-48D9-BF04-5C197EFC9063} = {F1D1EC26-5AEA-4427-9532-0C7E827AC478}
		{11BDDF96-2591-4A03-9629-1FE91A1660ED} = {15A8C4BB-11F6-46AA-A2F1-1D7DB1B45CDC}
		{16F6E2DD-08B8-435A-A96B-F12354A68197} = {F1D1EC26-5AEA-4427-9532-0C7E827AC478}
	EndGlobalSection
	GlobalSection(ExtensibilityGlobals) = postSolution
		SolutionGuid = {C198DBDC-3246-43C8-A73E-B7A995D4EE44}
	EndGlobalSection
EndGlobal
