
Microsoft Visual Studio Solution File, Format Version 12.00
# Visual Studio Version 16
VisualStudioVersion = 16.0.31515.178
MinimumVisualStudioVersion = 10.0.40219.1
Project("{2150E333-8FDC-42A3-9474-1A3956D46DE8}") = "ShopManagement", "ShopManagement", "{9F446B88-AC55-4B24-8B0F-FFACCDC0CDFB}"
EndProject
Project("{2150E333-8FDC-42A3-9474-1A3956D46DE8}") = "SM.Domain", "SM.Domain", "{0A5DE0A5-6876-4C0B-8150-B5EB77C87D4F}"
EndProject
Project("{9A19103F-16F7-4668-BE54-9A1E7A4F7556}") = "ShopManagement.Domain", "ShopManagement.Domain\ShopManagement.Domain.csproj", "{65727B3B-0828-447E-BB75-26078E4EA3B7}"
EndProject
Project("{9A19103F-16F7-4668-BE54-9A1E7A4F7556}") = "0_Framework", "0_Framework\0_Framework.csproj", "{A94F9C2D-ADE5-4111-BA03-608CE3B7B968}"
EndProject
Project("{2150E333-8FDC-42A3-9474-1A3956D46DE8}") = "SM.Application", "SM.Application", "{9E0F3C94-7C6F-41AF-B296-E157BB48B372}"
EndProject
Project("{9A19103F-16F7-4668-BE54-9A1E7A4F7556}") = "ShopManagement.Application.Contracts", "ShopManagement.Application.Contracts\ShopManagement.Application.Contracts.csproj", "{2F32F335-687B-4F0C-A092-87CCB36705F8}"
EndProject
Project("{9A19103F-16F7-4668-BE54-9A1E7A4F7556}") = "ShopManagement.Application", "ShopManagement.Application\ShopManagement.Application.csproj", "{EB094DF8-92F2-47D5-A6CB-B94DF3714426}"
EndProject
Project("{2150E333-8FDC-42A3-9474-1A3956D46DE8}") = "SM.Infrastructure", "SM.Infrastructure", "{04C01B60-E3D0-44E3-ABF5-B0DD47FF7F09}"
EndProject
Project("{9A19103F-16F7-4668-BE54-9A1E7A4F7556}") = "ShopManagement.Infrastructure.EFCore", "ShopManagement.Infrastructure.EFCore\ShopManagement.Infrastructure.EFCore.csproj", "{4A56D861-F486-4EA0-BB4B-2E6CA7CC1014}"
EndProject
Project("{9A19103F-16F7-4668-BE54-9A1E7A4F7556}") = "ShopManagement.Configuration", "ShopManagement.Configuration\ShopManagement.Configuration.csproj", "{58DBB98C-21D3-4FDA-8752-2B216D83552C}"
EndProject
Project("{9A19103F-16F7-4668-BE54-9A1E7A4F7556}") = "ServiceHost", "ServiceHost\ServiceHost.csproj", "{FA4B5826-193B-4D00-B0BD-EEEA3E814D6A}"
EndProject
Project("{9A19103F-16F7-4668-BE54-9A1E7A4F7556}") = "01_LampshadeQuery", "01_LampshadeQuery\01_LampshadeQuery.csproj", "{A6AF1764-1E89-4293-8C94-89A8FFD71819}"
EndProject
Project("{2150E333-8FDC-42A3-9474-1A3956D46DE8}") = "DiscountMangement", "DiscountMangement", "{A7EB5B3D-35AF-4A61-B097-08AE8A2D9979}"
EndProject
Project("{2150E333-8FDC-42A3-9474-1A3956D46DE8}") = "DM.Domain", "DM.Domain", "{72AE6FA9-A45E-432E-9731-D1322B286C13}"
EndProject
Project("{9A19103F-16F7-4668-BE54-9A1E7A4F7556}") = "DiscountManagement.Domain", "DiscountManagement.Domain\DiscountManagement.Domain.csproj", "{DF1A4E9A-ADCA-4BF9-9B5D-5722553A3E81}"
EndProject
Project("{2150E333-8FDC-42A3-9474-1A3956D46DE8}") = "DM.Application", "DM.Application", "{DA7F493C-C13D-4643-A72F-B4B3F1F276ED}"
EndProject
Project("{9A19103F-16F7-4668-BE54-9A1E7A4F7556}") = "DiscountManagement.Application.Contracts", "DiscountManagement.Application.Contracts\DiscountManagement.Application.Contracts.csproj", "{ED638D34-1D0E-4249-B353-A4AC0FE387E0}"
EndProject
Project("{9A19103F-16F7-4668-BE54-9A1E7A4F7556}") = "DiscountManagement.Application", "DiscountManagement.Application\DiscountManagement.Application.csproj", "{7CEC926E-EFD1-4B6F-ACDD-AE018261A481}"
EndProject
Project("{2150E333-8FDC-42A3-9474-1A3956D46DE8}") = "DM.Infrastructure", "DM.Infrastructure", "{E732845C-53B3-4CA6-9390-1BEBBE982CA7}"
EndProject
Project("{9A19103F-16F7-4668-BE54-9A1E7A4F7556}") = "DiscountManagement.Infrastructure.EFCore", "DiscountManagement.Infrastructure.EFCore\DiscountManagement.Infrastructure.EFCore.csproj", "{25D4034B-B8FD-45FC-8C5D-8C2623781BC2}"
EndProject
Project("{9A19103F-16F7-4668-BE54-9A1E7A4F7556}") = "DiscountManagement.Configuration", "DiscountManagement.Configuration\DiscountManagement.Configuration.csproj", "{9563E7FB-F047-4EF7-BF7F-CD59D9B4EC6C}"
EndProject
Project("{2150E333-8FDC-42A3-9474-1A3956D46DE8}") = "InventoryManagement", "InventoryManagement", "{A547A3A3-E974-4E9E-BD7C-5F5499C9390F}"
EndProject
Project("{2150E333-8FDC-42A3-9474-1A3956D46DE8}") = "IM.Domain", "IM.Domain", "{47DC900F-9524-479D-A16F-2A1FEBAF8FF5}"
EndProject
Project("{9A19103F-16F7-4668-BE54-9A1E7A4F7556}") = "InventoryManagement.Domain", "InventoryManagement.Domain\InventoryManagement.Domain.csproj", "{E25F6C80-11B8-47DF-B2F3-DAEB77D8E2F9}"
EndProject
Project("{2150E333-8FDC-42A3-9474-1A3956D46DE8}") = "IM.Application", "IM.Application", "{F2520281-8D00-4CCE-8B27-C6299EC37D61}"
EndProject
Project("{FAE04EC0-301F-11D3-BF4B-00C04F79EFBC}") = "InventoryManagement.Application.Contracts", "InventoryManagement.Application.Contracts\InventoryManagement.Application.Contracts.csproj", "{74CAFCC0-E2DF-4100-B429-AB8775798E2A}"
EndProject
Global
	GlobalSection(SolutionConfigurationPlatforms) = preSolution
		Debug|Any CPU = Debug|Any CPU
		Release|Any CPU = Release|Any CPU
	EndGlobalSection
	GlobalSection(ProjectConfigurationPlatforms) = postSolution
		{65727B3B-0828-447E-BB75-26078E4EA3B7}.Debug|Any CPU.ActiveCfg = Debug|Any CPU
		{65727B3B-0828-447E-BB75-26078E4EA3B7}.Debug|Any CPU.Build.0 = Debug|Any CPU
		{65727B3B-0828-447E-BB75-26078E4EA3B7}.Release|Any CPU.ActiveCfg = Release|Any CPU
		{65727B3B-0828-447E-BB75-26078E4EA3B7}.Release|Any CPU.Build.0 = Release|Any CPU
		{A94F9C2D-ADE5-4111-BA03-608CE3B7B968}.Debug|Any CPU.ActiveCfg = Debug|Any CPU
		{A94F9C2D-ADE5-4111-BA03-608CE3B7B968}.Debug|Any CPU.Build.0 = Debug|Any CPU
		{A94F9C2D-ADE5-4111-BA03-608CE3B7B968}.Release|Any CPU.ActiveCfg = Release|Any CPU
		{A94F9C2D-ADE5-4111-BA03-608CE3B7B968}.Release|Any CPU.Build.0 = Release|Any CPU
		{2F32F335-687B-4F0C-A092-87CCB36705F8}.Debug|Any CPU.ActiveCfg = Debug|Any CPU
		{2F32F335-687B-4F0C-A092-87CCB36705F8}.Debug|Any CPU.Build.0 = Debug|Any CPU
		{2F32F335-687B-4F0C-A092-87CCB36705F8}.Release|Any CPU.ActiveCfg = Release|Any CPU
		{2F32F335-687B-4F0C-A092-87CCB36705F8}.Release|Any CPU.Build.0 = Release|Any CPU
		{EB094DF8-92F2-47D5-A6CB-B94DF3714426}.Debug|Any CPU.ActiveCfg = Debug|Any CPU
		{EB094DF8-92F2-47D5-A6CB-B94DF3714426}.Debug|Any CPU.Build.0 = Debug|Any CPU
		{EB094DF8-92F2-47D5-A6CB-B94DF3714426}.Release|Any CPU.ActiveCfg = Release|Any CPU
		{EB094DF8-92F2-47D5-A6CB-B94DF3714426}.Release|Any CPU.Build.0 = Release|Any CPU
		{4A56D861-F486-4EA0-BB4B-2E6CA7CC1014}.Debug|Any CPU.ActiveCfg = Debug|Any CPU
		{4A56D861-F486-4EA0-BB4B-2E6CA7CC1014}.Debug|Any CPU.Build.0 = Debug|Any CPU
		{4A56D861-F486-4EA0-BB4B-2E6CA7CC1014}.Release|Any CPU.ActiveCfg = Release|Any CPU
		{4A56D861-F486-4EA0-BB4B-2E6CA7CC1014}.Release|Any CPU.Build.0 = Release|Any CPU
		{58DBB98C-21D3-4FDA-8752-2B216D83552C}.Debug|Any CPU.ActiveCfg = Debug|Any CPU
		{58DBB98C-21D3-4FDA-8752-2B216D83552C}.Debug|Any CPU.Build.0 = Debug|Any CPU
		{58DBB98C-21D3-4FDA-8752-2B216D83552C}.Release|Any CPU.ActiveCfg = Release|Any CPU
		{58DBB98C-21D3-4FDA-8752-2B216D83552C}.Release|Any CPU.Build.0 = Release|Any CPU
		{FA4B5826-193B-4D00-B0BD-EEEA3E814D6A}.Debug|Any CPU.ActiveCfg = Debug|Any CPU
		{FA4B5826-193B-4D00-B0BD-EEEA3E814D6A}.Debug|Any CPU.Build.0 = Debug|Any CPU
		{FA4B5826-193B-4D00-B0BD-EEEA3E814D6A}.Release|Any CPU.ActiveCfg = Release|Any CPU
		{FA4B5826-193B-4D00-B0BD-EEEA3E814D6A}.Release|Any CPU.Build.0 = Release|Any CPU
		{A6AF1764-1E89-4293-8C94-89A8FFD71819}.Debug|Any CPU.ActiveCfg = Debug|Any CPU
		{A6AF1764-1E89-4293-8C94-89A8FFD71819}.Debug|Any CPU.Build.0 = Debug|Any CPU
		{A6AF1764-1E89-4293-8C94-89A8FFD71819}.Release|Any CPU.ActiveCfg = Release|Any CPU
		{A6AF1764-1E89-4293-8C94-89A8FFD71819}.Release|Any CPU.Build.0 = Release|Any CPU
		{DF1A4E9A-ADCA-4BF9-9B5D-5722553A3E81}.Debug|Any CPU.ActiveCfg = Debug|Any CPU
		{DF1A4E9A-ADCA-4BF9-9B5D-5722553A3E81}.Debug|Any CPU.Build.0 = Debug|Any CPU
		{DF1A4E9A-ADCA-4BF9-9B5D-5722553A3E81}.Release|Any CPU.ActiveCfg = Release|Any CPU
		{DF1A4E9A-ADCA-4BF9-9B5D-5722553A3E81}.Release|Any CPU.Build.0 = Release|Any CPU
		{ED638D34-1D0E-4249-B353-A4AC0FE387E0}.Debug|Any CPU.ActiveCfg = Debug|Any CPU
		{ED638D34-1D0E-4249-B353-A4AC0FE387E0}.Debug|Any CPU.Build.0 = Debug|Any CPU
		{ED638D34-1D0E-4249-B353-A4AC0FE387E0}.Release|Any CPU.ActiveCfg = Release|Any CPU
		{ED638D34-1D0E-4249-B353-A4AC0FE387E0}.Release|Any CPU.Build.0 = Release|Any CPU
		{7CEC926E-EFD1-4B6F-ACDD-AE018261A481}.Debug|Any CPU.ActiveCfg = Debug|Any CPU
		{7CEC926E-EFD1-4B6F-ACDD-AE018261A481}.Debug|Any CPU.Build.0 = Debug|Any CPU
		{7CEC926E-EFD1-4B6F-ACDD-AE018261A481}.Release|Any CPU.ActiveCfg = Release|Any CPU
		{7CEC926E-EFD1-4B6F-ACDD-AE018261A481}.Release|Any CPU.Build.0 = Release|Any CPU
		{25D4034B-B8FD-45FC-8C5D-8C2623781BC2}.Debug|Any CPU.ActiveCfg = Debug|Any CPU
		{25D4034B-B8FD-45FC-8C5D-8C2623781BC2}.Debug|Any CPU.Build.0 = Debug|Any CPU
		{25D4034B-B8FD-45FC-8C5D-8C2623781BC2}.Release|Any CPU.ActiveCfg = Release|Any CPU
		{25D4034B-B8FD-45FC-8C5D-8C2623781BC2}.Release|Any CPU.Build.0 = Release|Any CPU
		{9563E7FB-F047-4EF7-BF7F-CD59D9B4EC6C}.Debug|Any CPU.ActiveCfg = Debug|Any CPU
		{9563E7FB-F047-4EF7-BF7F-CD59D9B4EC6C}.Debug|Any CPU.Build.0 = Debug|Any CPU
		{9563E7FB-F047-4EF7-BF7F-CD59D9B4EC6C}.Release|Any CPU.ActiveCfg = Release|Any CPU
		{9563E7FB-F047-4EF7-BF7F-CD59D9B4EC6C}.Release|Any CPU.Build.0 = Release|Any CPU
		{E25F6C80-11B8-47DF-B2F3-DAEB77D8E2F9}.Debug|Any CPU.ActiveCfg = Debug|Any CPU
		{E25F6C80-11B8-47DF-B2F3-DAEB77D8E2F9}.Debug|Any CPU.Build.0 = Debug|Any CPU
		{E25F6C80-11B8-47DF-B2F3-DAEB77D8E2F9}.Release|Any CPU.ActiveCfg = Release|Any CPU
		{E25F6C80-11B8-47DF-B2F3-DAEB77D8E2F9}.Release|Any CPU.Build.0 = Release|Any CPU
		{74CAFCC0-E2DF-4100-B429-AB8775798E2A}.Debug|Any CPU.ActiveCfg = Debug|Any CPU
		{74CAFCC0-E2DF-4100-B429-AB8775798E2A}.Debug|Any CPU.Build.0 = Debug|Any CPU
		{74CAFCC0-E2DF-4100-B429-AB8775798E2A}.Release|Any CPU.ActiveCfg = Release|Any CPU
		{74CAFCC0-E2DF-4100-B429-AB8775798E2A}.Release|Any CPU.Build.0 = Release|Any CPU
	EndGlobalSection
	GlobalSection(SolutionProperties) = preSolution
		HideSolutionNode = FALSE
	EndGlobalSection
	GlobalSection(NestedProjects) = preSolution
		{0A5DE0A5-6876-4C0B-8150-B5EB77C87D4F} = {9F446B88-AC55-4B24-8B0F-FFACCDC0CDFB}
		{65727B3B-0828-447E-BB75-26078E4EA3B7} = {0A5DE0A5-6876-4C0B-8150-B5EB77C87D4F}
		{9E0F3C94-7C6F-41AF-B296-E157BB48B372} = {9F446B88-AC55-4B24-8B0F-FFACCDC0CDFB}
		{2F32F335-687B-4F0C-A092-87CCB36705F8} = {9E0F3C94-7C6F-41AF-B296-E157BB48B372}
		{EB094DF8-92F2-47D5-A6CB-B94DF3714426} = {9E0F3C94-7C6F-41AF-B296-E157BB48B372}
		{04C01B60-E3D0-44E3-ABF5-B0DD47FF7F09} = {9F446B88-AC55-4B24-8B0F-FFACCDC0CDFB}
		{4A56D861-F486-4EA0-BB4B-2E6CA7CC1014} = {04C01B60-E3D0-44E3-ABF5-B0DD47FF7F09}
		{58DBB98C-21D3-4FDA-8752-2B216D83552C} = {04C01B60-E3D0-44E3-ABF5-B0DD47FF7F09}
		{72AE6FA9-A45E-432E-9731-D1322B286C13} = {A7EB5B3D-35AF-4A61-B097-08AE8A2D9979}
		{DF1A4E9A-ADCA-4BF9-9B5D-5722553A3E81} = {72AE6FA9-A45E-432E-9731-D1322B286C13}
		{DA7F493C-C13D-4643-A72F-B4B3F1F276ED} = {A7EB5B3D-35AF-4A61-B097-08AE8A2D9979}
		{ED638D34-1D0E-4249-B353-A4AC0FE387E0} = {DA7F493C-C13D-4643-A72F-B4B3F1F276ED}
		{7CEC926E-EFD1-4B6F-ACDD-AE018261A481} = {DA7F493C-C13D-4643-A72F-B4B3F1F276ED}
		{E732845C-53B3-4CA6-9390-1BEBBE982CA7} = {A7EB5B3D-35AF-4A61-B097-08AE8A2D9979}
		{25D4034B-B8FD-45FC-8C5D-8C2623781BC2} = {E732845C-53B3-4CA6-9390-1BEBBE982CA7}
		{9563E7FB-F047-4EF7-BF7F-CD59D9B4EC6C} = {E732845C-53B3-4CA6-9390-1BEBBE982CA7}
		{47DC900F-9524-479D-A16F-2A1FEBAF8FF5} = {A547A3A3-E974-4E9E-BD7C-5F5499C9390F}
		{E25F6C80-11B8-47DF-B2F3-DAEB77D8E2F9} = {47DC900F-9524-479D-A16F-2A1FEBAF8FF5}
		{F2520281-8D00-4CCE-8B27-C6299EC37D61} = {A547A3A3-E974-4E9E-BD7C-5F5499C9390F}
		{74CAFCC0-E2DF-4100-B429-AB8775798E2A} = {F2520281-8D00-4CCE-8B27-C6299EC37D61}
	EndGlobalSection
	GlobalSection(ExtensibilityGlobals) = postSolution
		SolutionGuid = {C198DBDC-3246-43C8-A73E-B7A995D4EE44}
	EndGlobalSection
EndGlobal
